
Microsoft Visual Studio Solution File, Format Version 12.00
# Visual Studio Version 16
VisualStudioVersion = 16.0.28803.452
MinimumVisualStudioVersion = 10.0.40219.1
Project("{FAE04EC0-301F-11D3-BF4B-00C04F79EFBC}") = "2D_Graphics", "2D_Graphics.csproj", "{C67157BD-8247-406E-8112-58FC35A30F8E}"
EndProject
Global
	GlobalSection(SolutionConfigurationPlatforms) = preSolution
		Debug|Any CPU = Debug|Any CPU
		Release|Any CPU = Release|Any CPU
	EndGlobalSection
	GlobalSection(ProjectConfigurationPlatforms) = postSolution
		{C67157BD-8247-406E-8112-58FC35A30F8E}.Debug|Any CPU.ActiveCfg = Debug|Any CPU
		{C67157BD-8247-406E-8112-58FC35A30F8E}.Debug|Any CPU.Build.0 = Debug|Any CPU
		{C67157BD-8247-406E-8112-58FC35A30F8E}.Release|Any CPU.ActiveCfg = Release|Any CPU
		{C67157BD-8247-406E-8112-58FC35A30F8E}.Release|Any CPU.Build.0 = Release|Any CPU
	EndGlobalSection
	GlobalSection(SolutionProperties) = preSolution
		HideSolutionNode = FALSE
	EndGlobalSection
	GlobalSection(ExtensibilityGlobals) = postSolution
		SolutionGuid = {75014615-DB94-4318-A105-1D9E4A12340B}
	EndGlobalSection
EndGlobal
